// !$*UTF8*$!
{
	archiveVersion = 1;
	classes = {
	};
	objectVersion = 51;
	objects = {

/* Begin PBXBuildFile section */
		DCCEBD8D1D9AA2E5434508E8 /* Pods_NewsApp.framework in Frameworks */ = {isa = PBXBuildFile; fileRef = 1AD26AF12DF66F192E46C1BB /* Pods_NewsApp.framework */; };
		FF6DCF47248D159F00F8C4B4 /* AppDelegate.swift in Sources */ = {isa = PBXBuildFile; fileRef = FF6DCF46248D159F00F8C4B4 /* AppDelegate.swift */; };
		FF6DCF49248D159F00F8C4B4 /* SceneDelegate.swift in Sources */ = {isa = PBXBuildFile; fileRef = FF6DCF48248D159F00F8C4B4 /* SceneDelegate.swift */; };
		FF6DCF4B248D159F00F8C4B4 /* ViewController.swift in Sources */ = {isa = PBXBuildFile; fileRef = FF6DCF4A248D159F00F8C4B4 /* ViewController.swift */; };
		FF6DCF50248D15A000F8C4B4 /* Assets.xcassets in Resources */ = {isa = PBXBuildFile; fileRef = FF6DCF4F248D15A000F8C4B4 /* Assets.xcassets */; };
		FF6DCF53248D15A000F8C4B4 /* LaunchScreen.storyboard in Resources */ = {isa = PBXBuildFile; fileRef = FF6DCF51248D15A000F8C4B4 /* LaunchScreen.storyboard */; };
		FFFB26BD248D2DB200038EA3 /* HomeViewController.swift in Sources */ = {isa = PBXBuildFile; fileRef = FFFB26BB248D2DB200038EA3 /* HomeViewController.swift */; };
		FFFB26BE248D2DB200038EA3 /* HomeViewController.xib in Resources */ = {isa = PBXBuildFile; fileRef = FFFB26BC248D2DB200038EA3 /* HomeViewController.xib */; };
		FFFB26C1248D2EA500038EA3 /* ChildViewController1.swift in Sources */ = {isa = PBXBuildFile; fileRef = FFFB26BF248D2EA500038EA3 /* ChildViewController1.swift */; };
		FFFB26C2248D2EA500038EA3 /* ChildViewController1.xib in Resources */ = {isa = PBXBuildFile; fileRef = FFFB26C0248D2EA500038EA3 /* ChildViewController1.xib */; };
		FFFB26C5248D2F6A00038EA3 /* ChildViewController2.swift in Sources */ = {isa = PBXBuildFile; fileRef = FFFB26C3248D2F6A00038EA3 /* ChildViewController2.swift */; };
		FFFB26C6248D2F6A00038EA3 /* ChildViewController2.xib in Resources */ = {isa = PBXBuildFile; fileRef = FFFB26C4248D2F6A00038EA3 /* ChildViewController2.xib */; };
/* End PBXBuildFile section */

/* Begin PBXFileReference section */
		1AD26AF12DF66F192E46C1BB /* Pods_NewsApp.framework */ = {isa = PBXFileReference; explicitFileType = wrapper.framework; includeInIndex = 0; path = Pods_NewsApp.framework; sourceTree = BUILT_PRODUCTS_DIR; };
		68C3B62BAAAEC7C20D8581BF /* Pods-NewsApp.release.xcconfig */ = {isa = PBXFileReference; includeInIndex = 1; lastKnownFileType = text.xcconfig; name = "Pods-NewsApp.release.xcconfig"; path = "Target Support Files/Pods-NewsApp/Pods-NewsApp.release.xcconfig"; sourceTree = "<group>"; };
		9FFCB9703144FC534626917B /* Pods-NewsApp.debug.xcconfig */ = {isa = PBXFileReference; includeInIndex = 1; lastKnownFileType = text.xcconfig; name = "Pods-NewsApp.debug.xcconfig"; path = "Target Support Files/Pods-NewsApp/Pods-NewsApp.debug.xcconfig"; sourceTree = "<group>"; };
		FF6DCF43248D159F00F8C4B4 /* NewsApp.app */ = {isa = PBXFileReference; explicitFileType = wrapper.application; includeInIndex = 0; path = NewsApp.app; sourceTree = BUILT_PRODUCTS_DIR; };
		FF6DCF46248D159F00F8C4B4 /* AppDelegate.swift */ = {isa = PBXFileReference; lastKnownFileType = sourcecode.swift; path = AppDelegate.swift; sourceTree = "<group>"; };
		FF6DCF48248D159F00F8C4B4 /* SceneDelegate.swift */ = {isa = PBXFileReference; lastKnownFileType = sourcecode.swift; path = SceneDelegate.swift; sourceTree = "<group>"; };
		FF6DCF4A248D159F00F8C4B4 /* ViewController.swift */ = {isa = PBXFileReference; lastKnownFileType = sourcecode.swift; path = ViewController.swift; sourceTree = "<group>"; };
		FF6DCF4F248D15A000F8C4B4 /* Assets.xcassets */ = {isa = PBXFileReference; lastKnownFileType = folder.assetcatalog; path = Assets.xcassets; sourceTree = "<group>"; };
		FF6DCF52248D15A000F8C4B4 /* Base */ = {isa = PBXFileReference; lastKnownFileType = file.storyboard; name = Base; path = Base.lproj/LaunchScreen.storyboard; sourceTree = "<group>"; };
		FF6DCF54248D15A000F8C4B4 /* Info.plist */ = {isa = PBXFileReference; lastKnownFileType = text.plist.xml; path = Info.plist; sourceTree = "<group>"; };
		FFFB26BB248D2DB200038EA3 /* HomeViewController.swift */ = {isa = PBXFileReference; lastKnownFileType = sourcecode.swift; path = HomeViewController.swift; sourceTree = "<group>"; };
		FFFB26BC248D2DB200038EA3 /* HomeViewController.xib */ = {isa = PBXFileReference; lastKnownFileType = file.xib; path = HomeViewController.xib; sourceTree = "<group>"; };
		FFFB26BF248D2EA500038EA3 /* ChildViewController1.swift */ = {isa = PBXFileReference; lastKnownFileType = sourcecode.swift; path = ChildViewController1.swift; sourceTree = "<group>"; };
		FFFB26C0248D2EA500038EA3 /* ChildViewController1.xib */ = {isa = PBXFileReference; lastKnownFileType = file.xib; path = ChildViewController1.xib; sourceTree = "<group>"; };
		FFFB26C3248D2F6A00038EA3 /* ChildViewController2.swift */ = {isa = PBXFileReference; lastKnownFileType = sourcecode.swift; path = ChildViewController2.swift; sourceTree = "<group>"; };
		FFFB26C4248D2F6A00038EA3 /* ChildViewController2.xib */ = {isa = PBXFileReference; lastKnownFileType = file.xib; path = ChildViewController2.xib; sourceTree = "<group>"; };
/* End PBXFileReference section */

/* Begin PBXFrameworksBuildPhase section */
		FF6DCF40248D159F00F8C4B4 /* Frameworks */ = {
			isa = PBXFrameworksBuildPhase;
			buildActionMask = 2147483647;
			files = (
				DCCEBD8D1D9AA2E5434508E8 /* Pods_NewsApp.framework in Frameworks */,
			);
			runOnlyForDeploymentPostprocessing = 0;
		};
/* End PBXFrameworksBuildPhase section */

/* Begin PBXGroup section */
		B67D6650FC8CD6C846DBA092 /* Frameworks */ = {
			isa = PBXGroup;
			children = (
				1AD26AF12DF66F192E46C1BB /* Pods_NewsApp.framework */,
			);
			name = Frameworks;
			sourceTree = "<group>";
		};
		F65D9FE435185178349A762B /* Pods */ = {
			isa = PBXGroup;
			children = (
				9FFCB9703144FC534626917B /* Pods-NewsApp.debug.xcconfig */,
				68C3B62BAAAEC7C20D8581BF /* Pods-NewsApp.release.xcconfig */,
			);
			path = Pods;
			sourceTree = "<group>";
		};
		FF6DCF3A248D159F00F8C4B4 = {
			isa = PBXGroup;
			children = (
				FF6DCF45248D159F00F8C4B4 /* NewsApp */,
				FF6DCF44248D159F00F8C4B4 /* Products */,
				F65D9FE435185178349A762B /* Pods */,
				B67D6650FC8CD6C846DBA092 /* Frameworks */,
			);
			sourceTree = "<group>";
		};
		FF6DCF44248D159F00F8C4B4 /* Products */ = {
			isa = PBXGroup;
			children = (
				FF6DCF43248D159F00F8C4B4 /* NewsApp.app */,
			);
			name = Products;
			sourceTree = "<group>";
		};
		FF6DCF45248D159F00F8C4B4 /* NewsApp */ = {
			isa = PBXGroup;
			children = (
				FF6DCF46248D159F00F8C4B4 /* AppDelegate.swift */,
				FF6DCF48248D159F00F8C4B4 /* SceneDelegate.swift */,
				FF6DCF5D248D160900F8C4B4 /* Models */,
				FF6DCF5C248D160000F8C4B4 /* Views */,
				FF6DCF5A248D15DE00F8C4B4 /* Controllers */,
				FF6DCF4F248D15A000F8C4B4 /* Assets.xcassets */,
				FF6DCF51248D15A000F8C4B4 /* LaunchScreen.storyboard */,
				FF6DCF54248D15A000F8C4B4 /* Info.plist */,
			);
			path = NewsApp;
			sourceTree = "<group>";
		};
		FF6DCF5A248D15DE00F8C4B4 /* Controllers */ = {
			isa = PBXGroup;
			children = (
				FF6DCF4A248D159F00F8C4B4 /* ViewController.swift */,
				FFFB26BB248D2DB200038EA3 /* HomeViewController.swift */,
				FFFB26BC248D2DB200038EA3 /* HomeViewController.xib */,
				FFFB26BF248D2EA500038EA3 /* ChildViewController1.swift */,
				FFFB26C0248D2EA500038EA3 /* ChildViewController1.xib */,
				FFFB26C3248D2F6A00038EA3 /* ChildViewController2.swift */,
				FFFB26C4248D2F6A00038EA3 /* ChildViewController2.xib */,
			);
			path = Controllers;
			sourceTree = "<group>";
		};
		FF6DCF5C248D160000F8C4B4 /* Views */ = {
			isa = PBXGroup;
			children = (
			);
			path = Views;
			sourceTree = "<group>";
		};
		FF6DCF5D248D160900F8C4B4 /* Models */ = {
			isa = PBXGroup;
			children = (
			);
			path = Models;
			sourceTree = "<group>";
		};
/* End PBXGroup section */

/* Begin PBXNativeTarget section */
		FF6DCF42248D159F00F8C4B4 /* NewsApp */ = {
			isa = PBXNativeTarget;
			buildConfigurationList = FF6DCF57248D15A000F8C4B4 /* Build configuration list for PBXNativeTarget "NewsApp" */;
			buildPhases = (
				AA46E3D30738C11D32987D4F /* [CP] Check Pods Manifest.lock */,
				FF6DCF3F248D159F00F8C4B4 /* Sources */,
				FF6DCF40248D159F00F8C4B4 /* Frameworks */,
				FF6DCF41248D159F00F8C4B4 /* Resources */,
				32333B7EC77A9B7F8694C177 /* [CP] Embed Pods Frameworks */,
			);
			buildRules = (
			);
			dependencies = (
			);
			name = NewsApp;
			productName = NewsApp;
			productReference = FF6DCF43248D159F00F8C4B4 /* NewsApp.app */;
			productType = "com.apple.product-type.application";
		};
/* End PBXNativeTarget section */

/* Begin PBXProject section */
		FF6DCF3B248D159F00F8C4B4 /* Project object */ = {
			isa = PBXProject;
			attributes = {
				LastSwiftUpdateCheck = 1150;
				LastUpgradeCheck = 1150;
				ORGANIZATIONNAME = "Shagara F Nasution";
				TargetAttributes = {
					FF6DCF42248D159F00F8C4B4 = {
						CreatedOnToolsVersion = 11.5;
					};
				};
			};
			buildConfigurationList = FF6DCF3E248D159F00F8C4B4 /* Build configuration list for PBXProject "NewsApp" */;
			compatibilityVersion = "Xcode 9.3";
			developmentRegion = en;
			hasScannedForEncodings = 0;
			knownRegions = (
				en,
				Base,
			);
			mainGroup = FF6DCF3A248D159F00F8C4B4;
			productRefGroup = FF6DCF44248D159F00F8C4B4 /* Products */;
			projectDirPath = "";
			projectRoot = "";
			targets = (
				FF6DCF42248D159F00F8C4B4 /* NewsApp */,
			);
		};
/* End PBXProject section */

/* Begin PBXResourcesBuildPhase section */
		FF6DCF41248D159F00F8C4B4 /* Resources */ = {
			isa = PBXResourcesBuildPhase;
			buildActionMask = 2147483647;
			files = (
				FF6DCF53248D15A000F8C4B4 /* LaunchScreen.storyboard in Resources */,
				FFFB26C6248D2F6A00038EA3 /* ChildViewController2.xib in Resources */,
				FFFB26C2248D2EA500038EA3 /* ChildViewController1.xib in Resources */,
				FF6DCF50248D15A000F8C4B4 /* Assets.xcassets in Resources */,
				FFFB26BE248D2DB200038EA3 /* HomeViewController.xib in Resources */,
			);
			runOnlyForDeploymentPostprocessing = 0;
		};
/* End PBXResourcesBuildPhase section */

/* Begin PBXShellScriptBuildPhase section */
		32333B7EC77A9B7F8694C177 /* [CP] Embed Pods Frameworks */ = {
			isa = PBXShellScriptBuildPhase;
			buildActionMask = 2147483647;
			files = (
			);
			inputFileListPaths = (
				"${PODS_ROOT}/Target Support Files/Pods-NewsApp/Pods-NewsApp-frameworks-${CONFIGURATION}-input-files.xcfilelist",
			);
			name = "[CP] Embed Pods Frameworks";
			outputFileListPaths = (
				"${PODS_ROOT}/Target Support Files/Pods-NewsApp/Pods-NewsApp-frameworks-${CONFIGURATION}-output-files.xcfilelist",
			);
			runOnlyForDeploymentPostprocessing = 0;
			shellPath = /bin/sh;
			shellScript = "\"${PODS_ROOT}/Target Support Files/Pods-NewsApp/Pods-NewsApp-frameworks.sh\"\n";
			showEnvVarsInLog = 0;
		};
		AA46E3D30738C11D32987D4F /* [CP] Check Pods Manifest.lock */ = {
			isa = PBXShellScriptBuildPhase;
			buildActionMask = 2147483647;
			files = (
			);
			inputFileListPaths = (
			);
			inputPaths = (
				"${PODS_PODFILE_DIR_PATH}/Podfile.lock",
				"${PODS_ROOT}/Manifest.lock",
			);
			name = "[CP] Check Pods Manifest.lock";
			outputFileListPaths = (
			);
			outputPaths = (
				"$(DERIVED_FILE_DIR)/Pods-NewsApp-checkManifestLockResult.txt",
			);
			runOnlyForDeploymentPostprocessing = 0;
			shellPath = /bin/sh;
			shellScript = "diff \"${PODS_PODFILE_DIR_PATH}/Podfile.lock\" \"${PODS_ROOT}/Manifest.lock\" > /dev/null\nif [ $? != 0 ] ; then\n    # print error to STDERR\n    echo \"error: The sandbox is not in sync with the Podfile.lock. Run 'pod install' or update your CocoaPods installation.\" >&2\n    exit 1\nfi\n# This output is used by Xcode 'outputs' to avoid re-running this script phase.\necho \"SUCCESS\" > \"${SCRIPT_OUTPUT_FILE_0}\"\n";
			showEnvVarsInLog = 0;
		};
/* End PBXShellScriptBuildPhase section */

/* Begin PBXSourcesBuildPhase section */
		FF6DCF3F248D159F00F8C4B4 /* Sources */ = {
			isa = PBXSourcesBuildPhase;
			buildActionMask = 2147483647;
			files = (
				FFFB26C5248D2F6A00038EA3 /* ChildViewController2.swift in Sources */,
				FF6DCF4B248D159F00F8C4B4 /* ViewController.swift in Sources */,
				FF6DCF47248D159F00F8C4B4 /* AppDelegate.swift in Sources */,
				FF6DCF49248D159F00F8C4B4 /* SceneDelegate.swift in Sources */,
				FFFB26BD248D2DB200038EA3 /* HomeViewController.swift in Sources */,
				FFFB26C1248D2EA500038EA3 /* ChildViewController1.swift in Sources */,
			);
			runOnlyForDeploymentPostprocessing = 0;
		};
/* End PBXSourcesBuildPhase section */

/* Begin PBXVariantGroup section */
		FF6DCF51248D15A000F8C4B4 /* LaunchScreen.storyboard */ = {
			isa = PBXVariantGroup;
			children = (
				FF6DCF52248D15A000F8C4B4 /* Base */,
			);
			name = LaunchScreen.storyboard;
			sourceTree = "<group>";
		};
/* End PBXVariantGroup section */

/* Begin XCBuildConfiguration section */
		FF6DCF55248D15A000F8C4B4 /* Debug */ = {
			isa = XCBuildConfiguration;
			buildSettings = {
				ALWAYS_SEARCH_USER_PATHS = NO;
				CLANG_ANALYZER_NONNULL = YES;
				CLANG_ANALYZER_NUMBER_OBJECT_CONVERSION = YES_AGGRESSIVE;
				CLANG_CXX_LANGUAGE_STANDARD = "gnu++14";
				CLANG_CXX_LIBRARY = "libc++";
				CLANG_ENABLE_MODULES = YES;
				CLANG_ENABLE_OBJC_ARC = YES;
				CLANG_ENABLE_OBJC_WEAK = YES;
				CLANG_WARN_BLOCK_CAPTURE_AUTORELEASING = YES;
				CLANG_WARN_BOOL_CONVERSION = YES;
				CLANG_WARN_COMMA = YES;
				CLANG_WARN_CONSTANT_CONVERSION = YES;
				CLANG_WARN_DEPRECATED_OBJC_IMPLEMENTATIONS = YES;
				CLANG_WARN_DIRECT_OBJC_ISA_USAGE = YES_ERROR;
				CLANG_WARN_DOCUMENTATION_COMMENTS = YES;
				CLANG_WARN_EMPTY_BODY = YES;
				CLANG_WARN_ENUM_CONVERSION = YES;
				CLANG_WARN_INFINITE_RECURSION = YES;
				CLANG_WARN_INT_CONVERSION = YES;
				CLANG_WARN_NON_LITERAL_NULL_CONVERSION = YES;
				CLANG_WARN_OBJC_IMPLICIT_RETAIN_SELF = YES;
				CLANG_WARN_OBJC_LITERAL_CONVERSION = YES;
				CLANG_WARN_OBJC_ROOT_CLASS = YES_ERROR;
				CLANG_WARN_RANGE_LOOP_ANALYSIS = YES;
				CLANG_WARN_STRICT_PROTOTYPES = YES;
				CLANG_WARN_SUSPICIOUS_MOVE = YES;
				CLANG_WARN_UNGUARDED_AVAILABILITY = YES_AGGRESSIVE;
				CLANG_WARN_UNREACHABLE_CODE = YES;
				CLANG_WARN__DUPLICATE_METHOD_MATCH = YES;
				COPY_PHASE_STRIP = NO;
				DEBUG_INFORMATION_FORMAT = dwarf;
				ENABLE_STRICT_OBJC_MSGSEND = YES;
				ENABLE_TESTABILITY = YES;
				GCC_C_LANGUAGE_STANDARD = gnu11;
				GCC_DYNAMIC_NO_PIC = NO;
				GCC_NO_COMMON_BLOCKS = YES;
				GCC_OPTIMIZATION_LEVEL = 0;
				GCC_PREPROCESSOR_DEFINITIONS = (
					"DEBUG=1",
					"$(inherited)",
				);
				GCC_WARN_64_TO_32_BIT_CONVERSION = YES;
				GCC_WARN_ABOUT_RETURN_TYPE = YES_ERROR;
				GCC_WARN_UNDECLARED_SELECTOR = YES;
				GCC_WARN_UNINITIALIZED_AUTOS = YES_AGGRESSIVE;
				GCC_WARN_UNUSED_FUNCTION = YES;
				GCC_WARN_UNUSED_VARIABLE = YES;
				IPHONEOS_DEPLOYMENT_TARGET = 13.5;
				MTL_ENABLE_DEBUG_INFO = INCLUDE_SOURCE;
				MTL_FAST_MATH = YES;
				ONLY_ACTIVE_ARCH = YES;
				SDKROOT = iphoneos;
				SWIFT_ACTIVE_COMPILATION_CONDITIONS = DEBUG;
				SWIFT_OPTIMIZATION_LEVEL = "-Onone";
			};
			name = Debug;
		};
		FF6DCF56248D15A000F8C4B4 /* Release */ = {
			isa = XCBuildConfiguration;
			buildSettings = {
				ALWAYS_SEARCH_USER_PATHS = NO;
				CLANG_ANALYZER_NONNULL = YES;
				CLANG_ANALYZER_NUMBER_OBJECT_CONVERSION = YES_AGGRESSIVE;
				CLANG_CXX_LANGUAGE_STANDARD = "gnu++14";
				CLANG_CXX_LIBRARY = "libc++";
				CLANG_ENABLE_MODULES = YES;
				CLANG_ENABLE_OBJC_ARC = YES;
				CLANG_ENABLE_OBJC_WEAK = YES;
				CLANG_WARN_BLOCK_CAPTURE_AUTORELEASING = YES;
				CLANG_WARN_BOOL_CONVERSION = YES;
				CLANG_WARN_COMMA = YES;
				CLANG_WARN_CONSTANT_CONVERSION = YES;
				CLANG_WARN_DEPRECATED_OBJC_IMPLEMENTATIONS = YES;
				CLANG_WARN_DIRECT_OBJC_ISA_USAGE = YES_ERROR;
				CLANG_WARN_DOCUMENTATION_COMMENTS = YES;
				CLANG_WARN_EMPTY_BODY = YES;
				CLANG_WARN_ENUM_CONVERSION = YES;
				CLANG_WARN_INFINITE_RECURSION = YES;
				CLANG_WARN_INT_CONVERSION = YES;
				CLANG_WARN_NON_LITERAL_NULL_CONVERSION = YES;
				CLANG_WARN_OBJC_IMPLICIT_RETAIN_SELF = YES;
				CLANG_WARN_OBJC_LITERAL_CONVERSION = YES;
				CLANG_WARN_OBJC_ROOT_CLASS = YES_ERROR;
				CLANG_WARN_RANGE_LOOP_ANALYSIS = YES;
				CLANG_WARN_STRICT_PROTOTYPES = YES;
				CLANG_WARN_SUSPICIOUS_MOVE = YES;
				CLANG_WARN_UNGUARDED_AVAILABILITY = YES_AGGRESSIVE;
				CLANG_WARN_UNREACHABLE_CODE = YES;
				CLANG_WARN__DUPLICATE_METHOD_MATCH = YES;
				COPY_PHASE_STRIP = NO;
				DEBUG_INFORMATION_FORMAT = "dwarf-with-dsym";
				ENABLE_NS_ASSERTIONS = NO;
				ENABLE_STRICT_OBJC_MSGSEND = YES;
				GCC_C_LANGUAGE_STANDARD = gnu11;
				GCC_NO_COMMON_BLOCKS = YES;
				GCC_WARN_64_TO_32_BIT_CONVERSION = YES;
				GCC_WARN_ABOUT_RETURN_TYPE = YES_ERROR;
				GCC_WARN_UNDECLARED_SELECTOR = YES;
				GCC_WARN_UNINITIALIZED_AUTOS = YES_AGGRESSIVE;
				GCC_WARN_UNUSED_FUNCTION = YES;
				GCC_WARN_UNUSED_VARIABLE = YES;
				IPHONEOS_DEPLOYMENT_TARGET = 13.5;
				MTL_ENABLE_DEBUG_INFO = NO;
				MTL_FAST_MATH = YES;
				SDKROOT = iphoneos;
				SWIFT_COMPILATION_MODE = wholemodule;
				SWIFT_OPTIMIZATION_LEVEL = "-O";
				VALIDATE_PRODUCT = YES;
			};
			name = Release;
		};
		FF6DCF58248D15A000F8C4B4 /* Debug */ = {
			isa = XCBuildConfiguration;
			baseConfigurationReference = 9FFCB9703144FC534626917B /* Pods-NewsApp.debug.xcconfig */;
			buildSettings = {
				ASSETCATALOG_COMPILER_APPICON_NAME = AppIcon;
				CODE_SIGN_STYLE = Automatic;
				DEVELOPMENT_TEAM = FMMGHKGHHC;
				INFOPLIST_FILE = NewsApp/Info.plist;
				LD_RUNPATH_SEARCH_PATHS = (
					"$(inherited)",
					"@executable_path/Frameworks",
				);
				PRODUCT_BUNDLE_IDENTIFIER = com.shagaranasution.NewsApp;
				PRODUCT_NAME = "$(TARGET_NAME)";
				SWIFT_VERSION = 5.0;
				TARGETED_DEVICE_FAMILY = "1,2";
			};
			name = Debug;
		};
		FF6DCF59248D15A000F8C4B4 /* Release */ = {
			isa = XCBuildConfiguration;
			baseConfigurationReference = 68C3B62BAAAEC7C20D8581BF /* Pods-NewsApp.release.xcconfig */;
			buildSettings = {
				ASSETCATALOG_COMPILER_APPICON_NAME = AppIcon;
				CODE_SIGN_STYLE = Automatic;
				DEVELOPMENT_TEAM = FMMGHKGHHC;
				INFOPLIST_FILE = NewsApp/Info.plist;
				LD_RUNPATH_SEARCH_PATHS = (
					"$(inherited)",
					"@executable_path/Frameworks",
				);
				PRODUCT_BUNDLE_IDENTIFIER = com.shagaranasution.NewsApp;
				PRODUCT_NAME = "$(TARGET_NAME)";
				SWIFT_VERSION = 5.0;
				TARGETED_DEVICE_FAMILY = "1,2";
			};
			name = Release;
		};
/* End XCBuildConfiguration section */

/* Begin XCConfigurationList section */
		FF6DCF3E248D159F00F8C4B4 /* Build configuration list for PBXProject "NewsApp" */ = {
			isa = XCConfigurationList;
			buildConfigurations = (
				FF6DCF55248D15A000F8C4B4 /* Debug */,
				FF6DCF56248D15A000F8C4B4 /* Release */,
			);
			defaultConfigurationIsVisible = 0;
			defaultConfigurationName = Release;
		};
		FF6DCF57248D15A000F8C4B4 /* Build configuration list for PBXNativeTarget "NewsApp" */ = {
			isa = XCConfigurationList;
			buildConfigurations = (
				FF6DCF58248D15A000F8C4B4 /* Debug */,
				FF6DCF59248D15A000F8C4B4 /* Release */,
			);
			defaultConfigurationIsVisible = 0;
			defaultConfigurationName = Release;
		};
/* End XCConfigurationList section */
	};
	rootObject = FF6DCF3B248D159F00F8C4B4 /* Project object */;
}
